
Microsoft Visual Studio Solution File, Format Version 12.00
Project("{FAE04EC0-301F-11D3-BF4B-00C04F79EFBC}") = "SecretSharing.AppHost", "SecretSharing\SecretSharing.AppHost\SecretSharing.AppHost.csproj", "{7879591D-5282-42BA-8A4F-E096A00E82D9}"
EndProject
Project("{FAE04EC0-301F-11D3-BF4B-00C04F79EFBC}") = "SecretSharing.ServiceDefaults", "SecretSharing\SecretSharing.ServiceDefaults\SecretSharing.ServiceDefaults.csproj", "{88231D58-AB63-481D-AF12-C95E23B4060B}"
EndProject
Project("{FAE04EC0-301F-11D3-BF4B-00C04F79EFBC}") = "SecretSharing.API", "SecretSharing.API\SecretSharing.API.csproj", "{F8E5D5DE-0F8F-4143-B900-A48A7949B86F}"
EndProject
Global
	GlobalSection(SolutionConfigurationPlatforms) = preSolution
		Debug|Any CPU = Debug|Any CPU
		Release|Any CPU = Release|Any CPU
	EndGlobalSection
	GlobalSection(ProjectConfigurationPlatforms) = postSolution
		{7879591D-5282-42BA-8A4F-E096A00E82D9}.Debug|Any CPU.ActiveCfg = Debug|Any CPU
		{7879591D-5282-42BA-8A4F-E096A00E82D9}.Debug|Any CPU.Build.0 = Debug|Any CPU
		{7879591D-5282-42BA-8A4F-E096A00E82D9}.Release|Any CPU.ActiveCfg = Release|Any CPU
		{7879591D-5282-42BA-8A4F-E096A00E82D9}.Release|Any CPU.Build.0 = Release|Any CPU
		{88231D58-AB63-481D-AF12-C95E23B4060B}.Debug|Any CPU.ActiveCfg = Debug|Any CPU
		{88231D58-AB63-481D-AF12-C95E23B4060B}.Debug|Any CPU.Build.0 = Debug|Any CPU
		{88231D58-AB63-481D-AF12-C95E23B4060B}.Release|Any CPU.ActiveCfg = Release|Any CPU
		{88231D58-AB63-481D-AF12-C95E23B4060B}.Release|Any CPU.Build.0 = Release|Any CPU
		{F8E5D5DE-0F8F-4143-B900-A48A7949B86F}.Debug|Any CPU.ActiveCfg = Debug|Any CPU
		{F8E5D5DE-0F8F-4143-B900-A48A7949B86F}.Debug|Any CPU.Build.0 = Debug|Any CPU
		{F8E5D5DE-0F8F-4143-B900-A48A7949B86F}.Release|Any CPU.ActiveCfg = Release|Any CPU
		{F8E5D5DE-0F8F-4143-B900-A48A7949B86F}.Release|Any CPU.Build.0 = Release|Any CPU
	EndGlobalSection
EndGlobal
